version = 1
requires-python = ">=3.11"

[[package]]
name = "pulp"
version = "3.2.2"
source = { registry = "https://pypi.org/simple" }
sdist = { url = "https://files.pythonhosted.org/packages/b2/4f/11cfa283228b5f259bcfc913f731f7c6f68748d26711594e14cf2cb5e39a/pulp-3.2.2.tar.gz", hash = "sha256:389a6ff1dc34ec4b093f34f7a9fa3553743ff0ea99b2a423e9f0dd16940f63d2", size = 16299367 }
wheels = [
    { url = "https://files.pythonhosted.org/packages/15/8d/a6a9d58c929a869f7f1b99b3d37b3f14ef63e2826eef581416338d686c3f/pulp-3.2.2-py3-none-any.whl", hash = "sha256:d3ca5ff11a28b3e7b2508a992d7e51f3533471d89305f0560b5fe3b6cc821043", size = 16385354 },
]

[[package]]
name = "repl-nix-workspace"
version = "0.1.0"
source = { virtual = "." }
dependencies = [
    { name = "pulp" },
]

[package.metadata]
requires-dist = [{ name = "pulp", specifier = ">=3.2.2" }]
